Microsoft Visual Studio Solution File, Format Version 12.00
# Visual Studio Version 17
VisualStudioVersion = 17.5.2.0
MinimumVisualStudioVersion = 10.0.40219.1
Project("{FAE04EC0-301F-11D3-BF4B-00C04F79EFBC}") = "exercicio banco", "exercicio banco.csproj", "{AD03E3DE-DF42-ABED-61AB-9B47657C767C}"
EndProject
Global
	GlobalSection(SolutionConfigurationPlatforms) = preSolution
		Debug|Any CPU = Debug|Any CPU
		Release|Any CPU = Release|Any CPU
	EndGlobalSection
	GlobalSection(ProjectConfigurationPlatforms) = postSolution
		{AD03E3DE-DF42-ABED-61AB-9B47657C767C}.Debug|Any CPU.ActiveCfg = Debug|Any CPU
		{AD03E3DE-DF42-ABED-61AB-9B47657C767C}.Debug|Any CPU.Build.0 = Debug|Any CPU
		{AD03E3DE-DF42-ABED-61AB-9B47657C767C}.Release|Any CPU.ActiveCfg = Release|Any CPU
		{AD03E3DE-DF42-ABED-61AB-9B47657C767C}.Release|Any CPU.Build.0 = Release|Any CPU
	EndGlobalSection
	GlobalSection(SolutionProperties) = preSolution
		HideSolutionNode = FALSE
	EndGlobalSection
	GlobalSection(ExtensibilityGlobals) = postSolution
		SolutionGuid = {46DAF780-1E3C-4B0E-A770-2598E6823568}
	EndGlobalSection
EndGlobal
